
Microsoft Visual Studio Solution File, Format Version 12.00
# Visual Studio 15
VisualStudioVersion = 15.0.28010.2016
MinimumVisualStudioVersion = 10.0.40219.1
Project("{888888A0-9F3D-457C-B088-3A5042F75D52}") = "MyCSVReader", "MyCSVReader\MyCSVReader.pyproj", "{9F79E8DA-5290-4481-BF30-7F8AA4ABDF33}"
EndProject
Global
	GlobalSection(SolutionConfigurationPlatforms) = preSolution
		Debug|Any CPU = Debug|Any CPU
		Release|Any CPU = Release|Any CPU
	EndGlobalSection
	GlobalSection(ProjectConfigurationPlatforms) = postSolution
		{9F79E8DA-5290-4481-BF30-7F8AA4ABDF33}.Debug|Any CPU.ActiveCfg = Debug|Any CPU
		{9F79E8DA-5290-4481-BF30-7F8AA4ABDF33}.Release|Any CPU.ActiveCfg = Release|Any CPU
	EndGlobalSection
	GlobalSection(SolutionProperties) = preSolution
		HideSolutionNode = FALSE
	EndGlobalSection
	GlobalSection(ExtensibilityGlobals) = postSolution
		SolutionGuid = {071A9229-9CE4-4587-904B-DD9FFC12FBC3}
	EndGlobalSection
EndGlobal
